Microsoft Visual Studio Solution File, Format Version 12.00
# Visual Studio Version 17
VisualStudioVersion = 17.5.2.0
MinimumVisualStudioVersion = 10.0.40219.1
Project("{2150E333-8FDC-42A3-9474-1A3956D46DE8}") = "PC app", "PC app", "{53287707-B22F-21B5-B70F-46B51E941EB4}"
EndProject
Project("{FAE04EC0-301F-11D3-BF4B-00C04F79EFBC}") = "XYoptDrive", "PC app\XYoptDrive\XYoptDrive.csproj", "{E9479F21-B806-9437-F7A2-8DB38C880EBD}"
EndProject
Project("{2150E333-8FDC-42A3-9474-1A3956D46DE8}") = "Tests", "Tests", "{3F88B5B7-CBB4-4734-B89A-1DF29B3756D9}"
EndProject
Project("{2150E333-8FDC-42A3-9474-1A3956D46DE8}") = "UserJourney1", "UserJourney1", "{C885D061-5263-418D-8EA7-06432545ED16}"
EndProject
Project("{FAE04EC0-301F-11D3-BF4B-00C04F79EFBC}") = "XYoptDrive.UserJourney1.Tests", "PC app\Tests\UserJourney1\XYoptDrive.UserJourney1.Tests\XYoptDrive.UserJourney1.Tests.csproj", "{25B43930-993E-49D3-A18A-B8BBA2E40B82}"
EndProject
Global
	GlobalSection(SolutionConfigurationPlatforms) = preSolution
		Debug|Any CPU = Debug|Any CPU
		Release|Any CPU = Release|Any CPU
	EndGlobalSection
	GlobalSection(ProjectConfigurationPlatforms) = postSolution
		{E9479F21-B806-9437-F7A2-8DB38C880EBD}.Debug|Any CPU.ActiveCfg = Debug|Any CPU
		{E9479F21-B806-9437-F7A2-8DB38C880EBD}.Debug|Any CPU.Build.0 = Debug|Any CPU
		{E9479F21-B806-9437-F7A2-8DB38C880EBD}.Release|Any CPU.ActiveCfg = Release|Any CPU
		{E9479F21-B806-9437-F7A2-8DB38C880EBD}.Release|Any CPU.Build.0 = Release|Any CPU
		{25B43930-993E-49D3-A18A-B8BBA2E40B82}.Debug|Any CPU.ActiveCfg = Debug|Any CPU
		{25B43930-993E-49D3-A18A-B8BBA2E40B82}.Debug|Any CPU.Build.0 = Debug|Any CPU
		{25B43930-993E-49D3-A18A-B8BBA2E40B82}.Release|Any CPU.ActiveCfg = Release|Any CPU
		{25B43930-993E-49D3-A18A-B8BBA2E40B82}.Release|Any CPU.Build.0 = Release|Any CPU
	EndGlobalSection
	GlobalSection(SolutionProperties) = preSolution
		HideSolutionNode = FALSE
	EndGlobalSection
	GlobalSection(NestedProjects) = preSolution
		{E9479F21-B806-9437-F7A2-8DB38C880EBD} = {53287707-B22F-21B5-B70F-46B51E941EB4}
		{3F88B5B7-CBB4-4734-B89A-1DF29B3756D9} = {53287707-B22F-21B5-B70F-46B51E941EB4}
		{C885D061-5263-418D-8EA7-06432545ED16} = {3F88B5B7-CBB4-4734-B89A-1DF29B3756D9}
		{25B43930-993E-49D3-A18A-B8BBA2E40B82} = {C885D061-5263-418D-8EA7-06432545ED16}
	EndGlobalSection
	GlobalSection(ExtensibilityGlobals) = postSolution
		SolutionGuid = {5FB78991-33BD-4CAF-82B9-0870D051C77E}
	EndGlobalSection
EndGlobal
